github.com/ChimeraCoder/anaconda v2.0.0+incompatible/go.mod h1:TCt3MijIq3Qqo9SBtuW/rrM4x7rDfWqYWHj8T7hLcLg=
github.com/ChimeraCoder/tokenbucket v0.0.0-20131201223612-c5a927568de7/go.mod h1:b2EuEMLSG9q3bZ95ql1+8oVqzzrTNSiOQqSXWFBzxeI=
github.com/azr/backoff v0.0.0-20160115115103-53511d3c7330/go.mod h1:nH+k0SvAt3HeiYyOlJpLLv1HG1p7KWP7qU9QPp2/pCo=
github.com/dustin/go-jsonpointer v0.0.0-20160814072949-ba0abeacc3dc/go.mod h1:ORH5Qp2bskd9NzSfKqAF7tKfONsEkCarTE5ESr/RVBw=
github.com/dustin/gojson v0.0.0-20160307161227-2e71ec9dd5ad/go.mod h1:mPKfmRa823oBIgl2r20LeMSpTAteW5j7FLkc0vjmzyQ=
github.com/garyburd/go-oauth v0.0.0-20180319155456-bca2e7f09a17/go.mod h1:HfkOCN6fkKKaPSAeNq/er3xObxTW4VLeY6UUK895gLQ=
github.com/gorilla/websocket v1.5.3/go.mod h1:YR8l580nyteQvAITg2hZ9XVh4b55+EU/adAjf1fMHhE=
github.com/mattn/go-mastodon v0.0.8/go.mod h1:8YkqetHoAVEktRkK15qeiv/aaIMfJ/Gc89etisPZtHU=
github.com/mellowdrifter/bgp_infrastructure v0.0.0-20240703002112-f895390bbfd1 h1:mU82gq5dV0bYOnegPVAh2PpkyxCTXQMoA/I3fWGeLPA=
github.com/mellowdrifter/bgp_infrastructure v0.0.0-20240703002112-f895390bbfd1/go.mod h1:0FJwuODghS9xqeW5AKbu7OCAb0Ajlm61Girj84qkx0k=
github.com/mellowdrifter/gotwi v0.0.0-20240625221309-9e68b5998527/go.mod h1:7kb9HWGf51R85vBYiCdlol44Wh/njQ2aX0UF/YAVOrc=
github.com/michimani/gotwi v0.14.0/go.mod h1:y8ZAPjE5Kpdl+nBcKV1TJ7lNF+hlAELMAjar3ukuAMI=
github.com/sivchari/gotwtr v1.2.1/go.mod h1:RvanNbGfdV6kWRa1BhUo3KF9IYFGmd+zTpiZC5bJJV4=
github.com/tomnomnom/linkheader v0.0.0-20180905144013-02ca5825eb80/go.mod h1:iFyPdL66DjUD96XmzVL3ZntbzcflLnznH0fr99w5VqE=
golang.org/x/net v0.26.0/go.mod h1:5YKkiSynbBIh3p6iOc/vibscux0x38BZDkn8sCUPxHE=
gopkg.in/ini.v1 v1.67.0/go.mod h1:pNLf8WUiyNEtQjuu5G5vTm06TEv9tsIgeAvK8hOrP4k=
