github.com/ChimeraCoder/anaconda v2.0.0+incompatible h1:F0eD7CHXieZ+VLboCD5UAqCeAzJZxcr90zSCcuJopJs=
github.com/ChimeraCoder/anaconda v2.0.0+incompatible/go.mod h1:TCt3MijIq3Qqo9SBtuW/rrM4x7rDfWqYWHj8T7hLcLg=
github.com/ChimeraCoder/tokenbucket v0.0.0-20131201223612-c5a927568de7 h1:r+EmXjfPosKO4wfiMLe1XQictsIlhErTufbWUsjOTZs=
github.com/ChimeraCoder/tokenbucket v0.0.0-20131201223612-c5a927568de7/go.mod h1:b2EuEMLSG9q3bZ95ql1+8oVqzzrTNSiOQqSXWFBzxeI=
github.com/azr/backoff v0.0.0-20160115115103-53511d3c7330 h1:ekDALXAVvY/Ub1UtNta3inKQwZ/jMB/zpOtD8rAYh78=
github.com/azr/backoff v0.0.0-20160115115103-53511d3c7330/go.mod h1:nH+k0SvAt3HeiYyOlJpLLv1HG1p7KWP7qU9QPp2/pCo=
github.com/dustin/go-jsonpointer v0.0.0-20160814072949-ba0abeacc3dc h1:tP7tkU+vIsEOKiK+l/NSLN4uUtkyuxc6hgYpQeCWAeI=
github.com/dustin/go-jsonpointer v0.0.0-20160814072949-ba0abeacc3dc/go.mod h1:ORH5Qp2bskd9NzSfKqAF7tKfONsEkCarTE5ESr/RVBw=
github.com/dustin/gojson v0.0.0-20160307161227-2e71ec9dd5ad h1:Qk76DOWdOp+GlyDKBAG3Klr9cn7N+LcYc82AZ2S7+cA=
github.com/dustin/gojson v0.0.0-20160307161227-2e71ec9dd5ad/go.mod h1:mPKfmRa823oBIgl2r20LeMSpTAteW5j7FLkc0vjmzyQ=
github.com/garyburd/go-oauth v0.0.0-20180319155456-bca2e7f09a17 h1:GOfMz6cRgTJ9jWV0qAezv642OhPnKEG7gtUjJSdStHE=
github.com/garyburd/go-oauth v0.0.0-20180319155456-bca2e7f09a17/go.mod h1:HfkOCN6fkKKaPSAeNq/er3xObxTW4VLeY6UUK895gLQ=
github.com/gorilla/websocket v1.5.1 h1:gmztn0JnHVt9JZquRuzLw3g4wouNVzKL15iLr/zn/QY=
github.com/gorilla/websocket v1.5.1/go.mod h1:x3kM2JMyaluk02fnUJpQuwD2dCS5NDG2ZHL0uE0tcaY=
github.com/gorilla/websocket v1.5.3 h1:saDtZ6Pbx/0u+bgYQ3q96pZgCzfhKXGPqt7kZ72aNNg=
github.com/gorilla/websocket v1.5.3/go.mod h1:YR8l580nyteQvAITg2hZ9XVh4b55+EU/adAjf1fMHhE=
github.com/mattn/go-mastodon v0.0.8 h1:UgKs4SmQ5JeawxMIPP7NQ9xncmOXA+5q6jYk4erR7vk=
github.com/mattn/go-mastodon v0.0.8/go.mod h1:8YkqetHoAVEktRkK15qeiv/aaIMfJ/Gc89etisPZtHU=
github.com/mellowdrifter/bgp_infrastructure/proto/grapher v0.0.0-20240504210825-a2b7bbc6d240 h1:FBOza49EK1l67ibpyg2WAWx7zYVOEItm37K0fPz4uh8=
github.com/mellowdrifter/bgp_infrastructure/proto/grapher v0.0.0-20240504210825-a2b7bbc6d240/go.mod h1:hZ2x9yqdmM/1xtJEXhKEyqptmaUEpuObPYQp8N/Zo7A=
github.com/mellowdrifter/bgp_infrastructure/proto/grapher v0.0.0-20240622173449-2c92aff0bf71 h1:2T1eU2srSwW151TDOt9BOwV+aiNArXbvk7idpx/E9qg=
github.com/mellowdrifter/bgp_infrastructure/proto/grapher v0.0.0-20240622173449-2c92aff0bf71/go.mod h1:hZ2x9yqdmM/1xtJEXhKEyqptmaUEpuObPYQp8N/Zo7A=
github.com/mellowdrifter/gotwi v0.0.0-20240625221309-9e68b5998527 h1:tpG1lXEuIvpfxLZ1iQHGfXN2RsJ7vkcW/Jjt6wdgwio=
github.com/mellowdrifter/gotwi v0.0.0-20240625221309-9e68b5998527/go.mod h1:7kb9HWGf51R85vBYiCdlol44Wh/njQ2aX0UF/YAVOrc=
github.com/michimani/gotwi v0.14.0 h1:7WTNTynPut6IC5hGYdDeiqOvdAbkyBlzm3dF6s+Fzyk=
github.com/michimani/gotwi v0.14.0/go.mod h1:y8ZAPjE5Kpdl+nBcKV1TJ7lNF+hlAELMAjar3ukuAMI=
github.com/sivchari/gotwtr v1.2.1 h1:03oaLGJTrG1XRADbO1/3lvDzs66VfU1AZGilHrxr5VM=
github.com/sivchari/gotwtr v1.2.1/go.mod h1:RvanNbGfdV6kWRa1BhUo3KF9IYFGmd+zTpiZC5bJJV4=
github.com/tomnomnom/linkheader v0.0.0-20180905144013-02ca5825eb80 h1:nrZ3ySNYwJbSpD6ce9duiP+QkD3JuLCcWkdaehUS/3Y=
github.com/tomnomnom/linkheader v0.0.0-20180905144013-02ca5825eb80/go.mod h1:iFyPdL66DjUD96XmzVL3ZntbzcflLnznH0fr99w5VqE=
golang.org/x/net v0.26.0 h1:soB7SVo0PWrY4vPW/+ay0jKDNScG2X9wFeYlXIvJsOQ=
golang.org/x/net v0.26.0/go.mod h1:5YKkiSynbBIh3p6iOc/vibscux0x38BZDkn8sCUPxHE=
gopkg.in/ini.v1 v1.67.0 h1:Dgnx+6+nfE+IfzjUEISNeydPJh9AXNNsWbGP9KzCsOA=
gopkg.in/ini.v1 v1.67.0/go.mod h1:pNLf8WUiyNEtQjuu5G5vTm06TEv9tsIgeAvK8hOrP4k=
